
Microsoft Visual Studio Solution File, Format Version 12.00
# Visual Studio Version 17
VisualStudioVersion = 17.12.35506.116
MinimumVisualStudioVersion = 10.0.40219.1
Project("{FAE04EC0-301F-11D3-BF4B-00C04F79EFBC}") = "Mibar", "Mibar\Mibar.csproj", "{8BFE018B-33D3-473B-AA82-635D866575F7}"
EndProject
Project("{FAE04EC0-301F-11D3-BF4B-00C04F79EFBC}") = "ExplorerCommandHandler", "ExplorerCommandHandler\ExplorerCommandHandler.csproj", "{38417698-324D-42CC-B328-E797C2ADFD3F}"
EndProject
Project("{FAE04EC0-301F-11D3-BF4B-00C04F79EFBC}") = "Misend", "Misend\Misend.csproj", "{667FF15B-0A51-48C8-BE68-7623E034F46E}"
EndProject
Global
	GlobalSection(SolutionConfigurationPlatforms) = preSolution
		Debug|Any CPU = Debug|Any CPU
		Debug|ARM = Debug|ARM
		Debug|ARM32 = Debug|ARM32
		Debug|ARM64 = Debug|ARM64
		Debug|x64 = Debug|x64
		Debug|x86 = Debug|x86
		Release|Any CPU = Release|Any CPU
		Release|ARM = Release|ARM
		Release|ARM32 = Release|ARM32
		Release|ARM64 = Release|ARM64
		Release|x64 = Release|x64
		Release|x86 = Release|x86
	EndGlobalSection
	GlobalSection(ProjectConfigurationPlatforms) = postSolution
		{8BFE018B-33D3-473B-AA82-635D866575F7}.Debug|Any CPU.ActiveCfg = Debug|Any CPU
		{8BFE018B-33D3-473B-AA82-635D866575F7}.Debug|Any CPU.Build.0 = Debug|Any CPU
		{8BFE018B-33D3-473B-AA82-635D866575F7}.Debug|ARM.ActiveCfg = Debug|Any CPU
		{8BFE018B-33D3-473B-AA82-635D866575F7}.Debug|ARM.Build.0 = Debug|Any CPU
		{8BFE018B-33D3-473B-AA82-635D866575F7}.Debug|ARM32.ActiveCfg = Debug|ARM32
		{8BFE018B-33D3-473B-AA82-635D866575F7}.Debug|ARM32.Build.0 = Debug|ARM32
		{8BFE018B-33D3-473B-AA82-635D866575F7}.Debug|ARM64.ActiveCfg = Debug|Any CPU
		{8BFE018B-33D3-473B-AA82-635D866575F7}.Debug|ARM64.Build.0 = Debug|Any CPU
		{8BFE018B-33D3-473B-AA82-635D866575F7}.Debug|x64.ActiveCfg = Debug|x64
		{8BFE018B-33D3-473B-AA82-635D866575F7}.Debug|x64.Build.0 = Debug|x64
		{8BFE018B-33D3-473B-AA82-635D866575F7}.Debug|x86.ActiveCfg = Debug|Any CPU
		{8BFE018B-33D3-473B-AA82-635D866575F7}.Debug|x86.Build.0 = Debug|Any CPU
		{8BFE018B-33D3-473B-AA82-635D866575F7}.Release|Any CPU.ActiveCfg = Release|Any CPU
		{8BFE018B-33D3-473B-AA82-635D866575F7}.Release|Any CPU.Build.0 = Release|Any CPU
		{8BFE018B-33D3-473B-AA82-635D866575F7}.Release|ARM.ActiveCfg = Release|Any CPU
		{8BFE018B-33D3-473B-AA82-635D866575F7}.Release|ARM.Build.0 = Release|Any CPU
		{8BFE018B-33D3-473B-AA82-635D866575F7}.Release|ARM32.ActiveCfg = Release|Any CPU
		{8BFE018B-33D3-473B-AA82-635D866575F7}.Release|ARM32.Build.0 = Release|Any CPU
		{8BFE018B-33D3-473B-AA82-635D866575F7}.Release|ARM64.ActiveCfg = Release|Any CPU
		{8BFE018B-33D3-473B-AA82-635D866575F7}.Release|ARM64.Build.0 = Release|Any CPU
		{8BFE018B-33D3-473B-AA82-635D866575F7}.Release|x64.ActiveCfg = Release|Any CPU
		{8BFE018B-33D3-473B-AA82-635D866575F7}.Release|x64.Build.0 = Release|Any CPU
		{8BFE018B-33D3-473B-AA82-635D866575F7}.Release|x86.ActiveCfg = Release|Any CPU
		{8BFE018B-33D3-473B-AA82-635D866575F7}.Release|x86.Build.0 = Release|Any CPU
		{38417698-324D-42CC-B328-E797C2ADFD3F}.Debug|Any CPU.ActiveCfg = Debug|Any CPU
		{38417698-324D-42CC-B328-E797C2ADFD3F}.Debug|Any CPU.Build.0 = Debug|Any CPU
		{38417698-324D-42CC-B328-E797C2ADFD3F}.Debug|ARM.ActiveCfg = Debug|Any CPU
		{38417698-324D-42CC-B328-E797C2ADFD3F}.Debug|ARM.Build.0 = Debug|Any CPU
		{38417698-324D-42CC-B328-E797C2ADFD3F}.Debug|ARM32.ActiveCfg = Debug|Any CPU
		{38417698-324D-42CC-B328-E797C2ADFD3F}.Debug|ARM32.Build.0 = Debug|Any CPU
		{38417698-324D-42CC-B328-E797C2ADFD3F}.Debug|ARM64.ActiveCfg = Debug|Any CPU
		{38417698-324D-42CC-B328-E797C2ADFD3F}.Debug|ARM64.Build.0 = Debug|Any CPU
		{38417698-324D-42CC-B328-E797C2ADFD3F}.Debug|x64.ActiveCfg = Debug|x64
		{38417698-324D-42CC-B328-E797C2ADFD3F}.Debug|x64.Build.0 = Debug|x64
		{38417698-324D-42CC-B328-E797C2ADFD3F}.Debug|x86.ActiveCfg = Debug|Any CPU
		{38417698-324D-42CC-B328-E797C2ADFD3F}.Debug|x86.Build.0 = Debug|Any CPU
		{38417698-324D-42CC-B328-E797C2ADFD3F}.Release|Any CPU.ActiveCfg = Release|Any CPU
		{38417698-324D-42CC-B328-E797C2ADFD3F}.Release|Any CPU.Build.0 = Release|Any CPU
		{38417698-324D-42CC-B328-E797C2ADFD3F}.Release|ARM.ActiveCfg = Release|Any CPU
		{38417698-324D-42CC-B328-E797C2ADFD3F}.Release|ARM.Build.0 = Release|Any CPU
		{38417698-324D-42CC-B328-E797C2ADFD3F}.Release|ARM32.ActiveCfg = Release|Any CPU
		{38417698-324D-42CC-B328-E797C2ADFD3F}.Release|ARM32.Build.0 = Release|Any CPU
		{38417698-324D-42CC-B328-E797C2ADFD3F}.Release|ARM64.ActiveCfg = Release|Any CPU
		{38417698-324D-42CC-B328-E797C2ADFD3F}.Release|ARM64.Build.0 = Release|Any CPU
		{38417698-324D-42CC-B328-E797C2ADFD3F}.Release|x64.ActiveCfg = Release|x64
		{38417698-324D-42CC-B328-E797C2ADFD3F}.Release|x64.Build.0 = Release|x64
		{38417698-324D-42CC-B328-E797C2ADFD3F}.Release|x86.ActiveCfg = Release|Any CPU
		{38417698-324D-42CC-B328-E797C2ADFD3F}.Release|x86.Build.0 = Release|Any CPU
		{667FF15B-0A51-48C8-BE68-7623E034F46E}.Debug|Any CPU.ActiveCfg = Debug|Any CPU
		{667FF15B-0A51-48C8-BE68-7623E034F46E}.Debug|Any CPU.Build.0 = Debug|Any CPU
		{667FF15B-0A51-48C8-BE68-7623E034F46E}.Debug|ARM.ActiveCfg = Debug|Any CPU
		{667FF15B-0A51-48C8-BE68-7623E034F46E}.Debug|ARM.Build.0 = Debug|Any CPU
		{667FF15B-0A51-48C8-BE68-7623E034F46E}.Debug|ARM32.ActiveCfg = Debug|Any CPU
		{667FF15B-0A51-48C8-BE68-7623E034F46E}.Debug|ARM32.Build.0 = Debug|Any CPU
		{667FF15B-0A51-48C8-BE68-7623E034F46E}.Debug|ARM64.ActiveCfg = Debug|Any CPU
		{667FF15B-0A51-48C8-BE68-7623E034F46E}.Debug|ARM64.Build.0 = Debug|Any CPU
		{667FF15B-0A51-48C8-BE68-7623E034F46E}.Debug|x64.ActiveCfg = Debug|Any CPU
		{667FF15B-0A51-48C8-BE68-7623E034F46E}.Debug|x64.Build.0 = Debug|Any CPU
		{667FF15B-0A51-48C8-BE68-7623E034F46E}.Debug|x86.ActiveCfg = Debug|Any CPU
		{667FF15B-0A51-48C8-BE68-7623E034F46E}.Debug|x86.Build.0 = Debug|Any CPU
		{667FF15B-0A51-48C8-BE68-7623E034F46E}.Release|Any CPU.ActiveCfg = Release|Any CPU
		{667FF15B-0A51-48C8-BE68-7623E034F46E}.Release|Any CPU.Build.0 = Release|Any CPU
		{667FF15B-0A51-48C8-BE68-7623E034F46E}.Release|ARM.ActiveCfg = Release|Any CPU
		{667FF15B-0A51-48C8-BE68-7623E034F46E}.Release|ARM.Build.0 = Release|Any CPU
		{667FF15B-0A51-48C8-BE68-7623E034F46E}.Release|ARM32.ActiveCfg = Release|Any CPU
		{667FF15B-0A51-48C8-BE68-7623E034F46E}.Release|ARM32.Build.0 = Release|Any CPU
		{667FF15B-0A51-48C8-BE68-7623E034F46E}.Release|ARM64.ActiveCfg = Release|Any CPU
		{667FF15B-0A51-48C8-BE68-7623E034F46E}.Release|ARM64.Build.0 = Release|Any CPU
		{667FF15B-0A51-48C8-BE68-7623E034F46E}.Release|x64.ActiveCfg = Release|x64
		{667FF15B-0A51-48C8-BE68-7623E034F46E}.Release|x64.Build.0 = Release|x64
		{667FF15B-0A51-48C8-BE68-7623E034F46E}.Release|x86.ActiveCfg = Release|Any CPU
		{667FF15B-0A51-48C8-BE68-7623E034F46E}.Release|x86.Build.0 = Release|Any CPU
	EndGlobalSection
	GlobalSection(SolutionProperties) = preSolution
		HideSolutionNode = FALSE
	EndGlobalSection
	GlobalSection(ExtensibilityGlobals) = postSolution
		SolutionGuid = {21DDFC9C-33A0-4FCC-903D-53B0005C9E80}
	EndGlobalSection
EndGlobal
